// !$*UTF8*$!
{
	archiveVersion = 1;
	classes = {
	};
	objectVersion = 48;
	objects = {

/* Begin PBXBuildFile section */
		A019AFE4206F8A4900C9AC05 /* AppDelegate.swift in Sources */ = {isa = PBXBuildFile; fileRef = A019AFE3206F8A4900C9AC05 /* AppDelegate.swift */; };
		A019AFE6206F8A4900C9AC05 /* ToDoViewController.swift in Sources */ = {isa = PBXBuildFile; fileRef = A019AFE5206F8A4900C9AC05 /* ToDoViewController.swift */; };
		A019AFE9206F8A4900C9AC05 /* Main.storyboard in Resources */ = {isa = PBXBuildFile; fileRef = A019AFE7206F8A4900C9AC05 /* Main.storyboard */; };
		A019AFEB206F8A4900C9AC05 /* Assets.xcassets in Resources */ = {isa = PBXBuildFile; fileRef = A019AFEA206F8A4900C9AC05 /* Assets.xcassets */; };
		A019AFEE206F8A4900C9AC05 /* LaunchScreen.storyboard in Resources */ = {isa = PBXBuildFile; fileRef = A019AFEC206F8A4900C9AC05 /* LaunchScreen.storyboard */; };
		A03232BF2083627F00315CDB /* DataModel.xcdatamodeld in Sources */ = {isa = PBXBuildFile; fileRef = A03232BD2083627F00315CDB /* DataModel.xcdatamodeld */; };
		A04F838C2087C37200738C01 /* CategoryViewController.swift in Sources */ = {isa = PBXBuildFile; fileRef = A04F838B2087C37200738C01 /* CategoryViewController.swift */; };
/* End PBXBuildFile section */

/* Begin PBXFileReference section */
		A019AFE0206F8A4900C9AC05 /* Todoey.app */ = {isa = PBXFileReference; explicitFileType = wrapper.application; includeInIndex = 0; path = Todoey.app; sourceTree = BUILT_PRODUCTS_DIR; };
		A019AFE3206F8A4900C9AC05 /* AppDelegate.swift */ = {isa = PBXFileReference; lastKnownFileType = sourcecode.swift; path = AppDelegate.swift; sourceTree = "<group>"; };
		A019AFE5206F8A4900C9AC05 /* ToDoViewController.swift */ = {isa = PBXFileReference; lastKnownFileType = sourcecode.swift; path = ToDoViewController.swift; sourceTree = "<group>"; };
		A019AFE8206F8A4900C9AC05 /* Base */ = {isa = PBXFileReference; lastKnownFileType = file.storyboard; name = Base; path = Base.lproj/Main.storyboard; sourceTree = "<group>"; };
		A019AFEA206F8A4900C9AC05 /* Assets.xcassets */ = {isa = PBXFileReference; lastKnownFileType = folder.assetcatalog; path = Assets.xcassets; sourceTree = "<group>"; };
		A019AFED206F8A4900C9AC05 /* Base */ = {isa = PBXFileReference; lastKnownFileType = file.storyboard; name = Base; path = Base.lproj/LaunchScreen.storyboard; sourceTree = "<group>"; };
		A019AFEF206F8A4900C9AC05 /* Info.plist */ = {isa = PBXFileReference; lastKnownFileType = text.plist.xml; path = Info.plist; sourceTree = "<group>"; };
		A03232BE2083627F00315CDB /* DataModel.xcdatamodel */ = {isa = PBXFileReference; lastKnownFileType = wrapper.xcdatamodel; path = DataModel.xcdatamodel; sourceTree = "<group>"; };
		A04F838B2087C37200738C01 /* CategoryViewController.swift */ = {isa = PBXFileReference; lastKnownFileType = sourcecode.swift; path = CategoryViewController.swift; sourceTree = "<group>"; };
/* End PBXFileReference section */

/* Begin PBXFrameworksBuildPhase section */
		A019AFDD206F8A4900C9AC05 /* Frameworks */ = {
			isa = PBXFrameworksBuildPhase;
			buildActionMask = 2147483647;
			files = (
			);
			runOnlyForDeploymentPostprocessing = 0;
		};
/* End PBXFrameworksBuildPhase section */

/* Begin PBXGroup section */
		A0178B09207CA72200C206CC /* Supporting Files */ = {
			isa = PBXGroup;
			children = (
				A019AFEC206F8A4900C9AC05 /* LaunchScreen.storyboard */,
				A019AFEA206F8A4900C9AC05 /* Assets.xcassets */,
			);
			path = "Supporting Files";
			sourceTree = "<group>";
		};
		A019AFD7206F8A4800C9AC05 = {
			isa = PBXGroup;
			children = (
				A019AFE2206F8A4900C9AC05 /* Todoey */,
				A019AFE1206F8A4900C9AC05 /* Products */,
			);
			sourceTree = "<group>";
		};
		A019AFE1206F8A4900C9AC05 /* Products */ = {
			isa = PBXGroup;
			children = (
				A019AFE0206F8A4900C9AC05 /* Todoey.app */,
			);
			name = Products;
			sourceTree = "<group>";
		};
		A019AFE2206F8A4900C9AC05 /* Todoey */ = {
			isa = PBXGroup;
			children = (
				A019AFE3206F8A4900C9AC05 /* AppDelegate.swift */,
				A03A3C6A207BD45400A04CAD /* Controller */,
				A03A3C69207BD44D00A04CAD /* View */,
				A03A3C68207BD44300A04CAD /* Data Model */,
				A0178B09207CA72200C206CC /* Supporting Files */,
				A019AFEF206F8A4900C9AC05 /* Info.plist */,
			);
			path = Todoey;
			sourceTree = "<group>";
		};
		A03A3C68207BD44300A04CAD /* Data Model */ = {
			isa = PBXGroup;
			children = (
				A03232BD2083627F00315CDB /* DataModel.xcdatamodeld */,
			);
			path = "Data Model";
			sourceTree = "<group>";
		};
		A03A3C69207BD44D00A04CAD /* View */ = {
			isa = PBXGroup;
			children = (
				A019AFE7206F8A4900C9AC05 /* Main.storyboard */,
			);
			path = View;
			sourceTree = "<group>";
		};
		A03A3C6A207BD45400A04CAD /* Controller */ = {
			isa = PBXGroup;
			children = (
				A04F838B2087C37200738C01 /* CategoryViewController.swift */,
				A019AFE5206F8A4900C9AC05 /* ToDoViewController.swift */,
			);
			path = Controller;
			sourceTree = "<group>";
		};
/* End PBXGroup section */

/* Begin PBXNativeTarget section */
		A019AFDF206F8A4900C9AC05 /* Todoey */ = {
			isa = PBXNativeTarget;
			buildConfigurationList = A019AFF2206F8A4900C9AC05 /* Build configuration list for PBXNativeTarget "Todoey" */;
			buildPhases = (
				A019AFDC206F8A4900C9AC05 /* Sources */,
				A019AFDD206F8A4900C9AC05 /* Frameworks */,
				A019AFDE206F8A4900C9AC05 /* Resources */,
			);
			buildRules = (
			);
			dependencies = (
			);
			name = Todoey;
			productName = Todoey;
			productReference = A019AFE0206F8A4900C9AC05 /* Todoey.app */;
			productType = "com.apple.product-type.application";
		};
/* End PBXNativeTarget section */

/* Begin PBXProject section */
		A019AFD8206F8A4800C9AC05 /* Project object */ = {
			isa = PBXProject;
			attributes = {
				LastSwiftUpdateCheck = 0920;
				LastUpgradeCheck = 0920;
				ORGANIZATIONNAME = "Sanna Lun";
				TargetAttributes = {
					A019AFDF206F8A4900C9AC05 = {
						CreatedOnToolsVersion = 9.2;
						ProvisioningStyle = Automatic;
					};
				};
			};
			buildConfigurationList = A019AFDB206F8A4800C9AC05 /* Build configuration list for PBXProject "Todoey" */;
			compatibilityVersion = "Xcode 8.0";
			developmentRegion = en;
			hasScannedForEncodings = 0;
			knownRegions = (
				en,
				Base,
			);
			mainGroup = A019AFD7206F8A4800C9AC05;
			productRefGroup = A019AFE1206F8A4900C9AC05 /* Products */;
			projectDirPath = "";
			projectRoot = "";
			targets = (
				A019AFDF206F8A4900C9AC05 /* Todoey */,
			);
		};
/* End PBXProject section */

/* Begin PBXResourcesBuildPhase section */
		A019AFDE206F8A4900C9AC05 /* Resources */ = {
			isa = PBXResourcesBuildPhase;
			buildActionMask = 2147483647;
			files = (
				A019AFEE206F8A4900C9AC05 /* LaunchScreen.storyboard in Resources */,
				A019AFEB206F8A4900C9AC05 /* Assets.xcassets in Resources */,
				A019AFE9206F8A4900C9AC05 /* Main.storyboard in Resources */,
			);
			runOnlyForDeploymentPostprocessing = 0;
		};
/* End PBXResourcesBuildPhase section */

/* Begin PBXSourcesBuildPhase section */
		A019AFDC206F8A4900C9AC05 /* Sources */ = {
			isa = PBXSourcesBuildPhase;
			buildActionMask = 2147483647;
			files = (
				A04F838C2087C37200738C01 /* CategoryViewController.swift in Sources */,
				A019AFE6206F8A4900C9AC05 /* ToDoViewController.swift in Sources */,
				A03232BF2083627F00315CDB /* DataModel.xcdatamodeld in Sources */,
				A019AFE4206F8A4900C9AC05 /* AppDelegate.swift in Sources */,
			);
			runOnlyForDeploymentPostprocessing = 0;
		};
/* End PBXSourcesBuildPhase section */

/* Begin PBXVariantGroup section */
		A019AFE7206F8A4900C9AC05 /* Main.storyboard */ = {
			isa = PBXVariantGroup;
			children = (
				A019AFE8206F8A4900C9AC05 /* Base */,
			);
			name = Main.storyboard;
			sourceTree = "<group>";
		};
		A019AFEC206F8A4900C9AC05 /* LaunchScreen.storyboard */ = {
			isa = PBXVariantGroup;
			children = (
				A019AFED206F8A4900C9AC05 /* Base */,
			);
			name = LaunchScreen.storyboard;
			sourceTree = "<group>";
		};
/* End PBXVariantGroup section */

/* Begin XCBuildConfiguration section */
		A019AFF0206F8A4900C9AC05 /* Debug */ = {
			isa = XCBuildConfiguration;
			buildSettings = {
				ALWAYS_SEARCH_USER_PATHS = NO;
				CLANG_ANALYZER_NONNULL = YES;
				CLANG_ANALYZER_NUMBER_OBJECT_CONVERSION = YES_AGGRESSIVE;
				CLANG_CXX_LANGUAGE_STANDARD = "gnu++14";
				CLANG_CXX_LIBRARY = "libc++";
				CLANG_ENABLE_MODULES = YES;
				CLANG_ENABLE_OBJC_ARC = YES;
				CLANG_WARN_BLOCK_CAPTURE_AUTORELEASING = YES;
				CLANG_WARN_BOOL_CONVERSION = YES;
				CLANG_WARN_COMMA = YES;
				CLANG_WARN_CONSTANT_CONVERSION = YES;
				CLANG_WARN_DIRECT_OBJC_ISA_USAGE = YES_ERROR;
				CLANG_WARN_DOCUMENTATION_COMMENTS = YES;
				CLANG_WARN_EMPTY_BODY = YES;
				CLANG_WARN_ENUM_CONVERSION = YES;
				CLANG_WARN_INFINITE_RECURSION = YES;
				CLANG_WARN_INT_CONVERSION = YES;
				CLANG_WARN_NON_LITERAL_NULL_CONVERSION = YES;
				CLANG_WARN_OBJC_LITERAL_CONVERSION = YES;
				CLANG_WARN_OBJC_ROOT_CLASS = YES_ERROR;
				CLANG_WARN_RANGE_LOOP_ANALYSIS = YES;
				CLANG_WARN_STRICT_PROTOTYPES = YES;
				CLANG_WARN_SUSPICIOUS_MOVE = YES;
				CLANG_WARN_UNGUARDED_AVAILABILITY = YES_AGGRESSIVE;
				CLANG_WARN_UNREACHABLE_CODE = YES;
				CLANG_WARN__DUPLICATE_METHOD_MATCH = YES;
				CODE_SIGN_IDENTITY = "iPhone Developer";
				COPY_PHASE_STRIP = NO;
				DEBUG_INFORMATION_FORMAT = dwarf;
				ENABLE_STRICT_OBJC_MSGSEND = YES;
				ENABLE_TESTABILITY = YES;
				GCC_C_LANGUAGE_STANDARD = gnu11;
				GCC_DYNAMIC_NO_PIC = NO;
				GCC_NO_COMMON_BLOCKS = YES;
				GCC_OPTIMIZATION_LEVEL = 0;
				GCC_PREPROCESSOR_DEFINITIONS = (
					"DEBUG=1",
					"$(inherited)",
				);
				GCC_WARN_64_TO_32_BIT_CONVERSION = YES;
				GCC_WARN_ABOUT_RETURN_TYPE = YES_ERROR;
				GCC_WARN_UNDECLARED_SELECTOR = YES;
				GCC_WARN_UNINITIALIZED_AUTOS = YES_AGGRESSIVE;
				GCC_WARN_UNUSED_FUNCTION = YES;
				GCC_WARN_UNUSED_VARIABLE = YES;
				IPHONEOS_DEPLOYMENT_TARGET = 11.2;
				MTL_ENABLE_DEBUG_INFO = YES;
				ONLY_ACTIVE_ARCH = YES;
				SDKROOT = iphoneos;
				SWIFT_ACTIVE_COMPILATION_CONDITIONS = DEBUG;
				SWIFT_OPTIMIZATION_LEVEL = "-Onone";
			};
			name = Debug;
		};
		A019AFF1206F8A4900C9AC05 /* Release */ = {
			isa = XCBuildConfiguration;
			buildSettings = {
				ALWAYS_SEARCH_USER_PATHS = NO;
				CLANG_ANALYZER_NONNULL = YES;
				CLANG_ANALYZER_NUMBER_OBJECT_CONVERSION = YES_AGGRESSIVE;
				CLANG_CXX_LANGUAGE_STANDARD = "gnu++14";
				CLANG_CXX_LIBRARY = "libc++";
				CLANG_ENABLE_MODULES = YES;
				CLANG_ENABLE_OBJC_ARC = YES;
				CLANG_WARN_BLOCK_CAPTURE_AUTORELEASING = YES;
				CLANG_WARN_BOOL_CONVERSION = YES;
				CLANG_WARN_COMMA = YES;
				CLANG_WARN_CONSTANT_CONVERSION = YES;
				CLANG_WARN_DIRECT_OBJC_ISA_USAGE = YES_ERROR;
				CLANG_WARN_DOCUMENTATION_COMMENTS = YES;
				CLANG_WARN_EMPTY_BODY = YES;
				CLANG_WARN_ENUM_CONVERSION = YES;
				CLANG_WARN_INFINITE_RECURSION = YES;
				CLANG_WARN_INT_CONVERSION = YES;
				CLANG_WARN_NON_LITERAL_NULL_CONVERSION = YES;
				CLANG_WARN_OBJC_LITERAL_CONVERSION = YES;
				CLANG_WARN_OBJC_ROOT_CLASS = YES_ERROR;
				CLANG_WARN_RANGE_LOOP_ANALYSIS = YES;
				CLANG_WARN_STRICT_PROTOTYPES = YES;
				CLANG_WARN_SUSPICIOUS_MOVE = YES;
				CLANG_WARN_UNGUARDED_AVAILABILITY = YES_AGGRESSIVE;
				CLANG_WARN_UNREACHABLE_CODE = YES;
				CLANG_WARN__DUPLICATE_METHOD_MATCH = YES;
				CODE_SIGN_IDENTITY = "iPhone Developer";
				COPY_PHASE_STRIP = NO;
				DEBUG_INFORMATION_FORMAT = "dwarf-with-dsym";
				ENABLE_NS_ASSERTIONS = NO;
				ENABLE_STRICT_OBJC_MSGSEND = YES;
				GCC_C_LANGUAGE_STANDARD = gnu11;
				GCC_NO_COMMON_BLOCKS = YES;
				GCC_WARN_64_TO_32_BIT_CONVERSION = YES;
				GCC_WARN_ABOUT_RETURN_TYPE = YES_ERROR;
				GCC_WARN_UNDECLARED_SELECTOR = YES;
				GCC_WARN_UNINITIALIZED_AUTOS = YES_AGGRESSIVE;
				GCC_WARN_UNUSED_FUNCTION = YES;
				GCC_WARN_UNUSED_VARIABLE = YES;
				IPHONEOS_DEPLOYMENT_TARGET = 11.2;
				MTL_ENABLE_DEBUG_INFO = NO;
				SDKROOT = iphoneos;
				SWIFT_OPTIMIZATION_LEVEL = "-Owholemodule";
				VALIDATE_PRODUCT = YES;
			};
			name = Release;
		};
		A019AFF3206F8A4900C9AC05 /* Debug */ = {
			isa = XCBuildConfiguration;
			buildSettings = {
				ASSETCATALOG_COMPILER_APPICON_NAME = AppIcon;
				CODE_SIGN_STYLE = Automatic;
				DEVELOPMENT_TEAM = 6N3S7G485B;
				INFOPLIST_FILE = Todoey/Info.plist;
				LD_RUNPATH_SEARCH_PATHS = "$(inherited) @executable_path/Frameworks";
				PRODUCT_BUNDLE_IDENTIFIER = com.sannalun.Todoey;
				PRODUCT_NAME = "$(TARGET_NAME)";
				SWIFT_VERSION = 4.0;
				TARGETED_DEVICE_FAMILY = "1,2";
			};
			name = Debug;
		};
		A019AFF4206F8A4900C9AC05 /* Release */ = {
			isa = XCBuildConfiguration;
			buildSettings = {
				ASSETCATALOG_COMPILER_APPICON_NAME = AppIcon;
				CODE_SIGN_STYLE = Automatic;
				DEVELOPMENT_TEAM = 6N3S7G485B;
				INFOPLIST_FILE = Todoey/Info.plist;
				LD_RUNPATH_SEARCH_PATHS = "$(inherited) @executable_path/Frameworks";
				PRODUCT_BUNDLE_IDENTIFIER = com.sannalun.Todoey;
				PRODUCT_NAME = "$(TARGET_NAME)";
				SWIFT_VERSION = 4.0;
				TARGETED_DEVICE_FAMILY = "1,2";
			};
			name = Release;
		};
/* End XCBuildConfiguration section */

/* Begin XCConfigurationList section */
		A019AFDB206F8A4800C9AC05 /* Build configuration list for PBXProject "Todoey" */ = {
			isa = XCConfigurationList;
			buildConfigurations = (
				A019AFF0206F8A4900C9AC05 /* Debug */,
				A019AFF1206F8A4900C9AC05 /* Release */,
			);
			defaultConfigurationIsVisible = 0;
			defaultConfigurationName = Release;
		};
		A019AFF2206F8A4900C9AC05 /* Build configuration list for PBXNativeTarget "Todoey" */ = {
			isa = XCConfigurationList;
			buildConfigurations = (
				A019AFF3206F8A4900C9AC05 /* Debug */,
				A019AFF4206F8A4900C9AC05 /* Release */,
			);
			defaultConfigurationIsVisible = 0;
			defaultConfigurationName = Release;
		};
/* End XCConfigurationList section */

/* Begin XCVersionGroup section */
		A03232BD2083627F00315CDB /* DataModel.xcdatamodeld */ = {
			isa = XCVersionGroup;
			children = (
				A03232BE2083627F00315CDB /* DataModel.xcdatamodel */,
			);
			currentVersion = A03232BE2083627F00315CDB /* DataModel.xcdatamodel */;
			path = DataModel.xcdatamodeld;
			sourceTree = "<group>";
			versionGroupType = wrapper.xcdatamodel;
		};
/* End XCVersionGroup section */
	};
	rootObject = A019AFD8206F8A4800C9AC05 /* Project object */;
}
